<?xml version="1.0" encoding="utf-8"?>
<Project ToolsVersion="4.0" xmlns="http://schemas.microsoft.com/developer/msbuild/2003">
  <ItemGroup>
    <Filter Include="Source Files">
      <UniqueIdentifier>{4FC737F1-C7A5-4376-A066-2A32D752A2FF}</UniqueIdentifier>
      <Extensions>cpp;c;cc;cxx;def;odl;idl;hpj;bat;asm;asmx</Extensions>
    </Filter>
    <Filter Include="Header Files">
      <UniqueIdentifier>{93995380-89BD-4b04-88EB-625FBE52EBFB}</UniqueIdentifier>
      <Extensions>h;hh;hpp;hxx;hm;inl;inc;xsd</Extensions>
    </Filter>
    <Filter Include="Resource Files">
      <UniqueIdentifier>{67DA6AB6-F800-4c08-8B7A-83BB121AAD01}</UniqueIdentifier>
      <Extensions>rc;ico;cur;bmp;dlg;rc2;rct;bin;rgs;gif;jpg;jpeg;jpe;resx;tiff;tif;png;wav;mfcribbon-ms</Extensions>
    </Filter>
    <Filter Include="Header Files\KS-problem">
      <UniqueIdentifier>{9ec1317e-2806-4929-8469-99e3b5866968}</UniqueIdentifier>
    </Filter>
    <Filter Include="Header Files\KS-problem\structures">
      <UniqueIdentifier>{d9d8a83e-9334-40dc-970e-e58b30dae523}</UniqueIdentifier>
    </Filter>
    <Filter Include="Header Files\KS-problem\algorithms">
      <UniqueIdentifier>{fb3314d8-9f8f-428c-87d9-b6dc60a6e63b}</UniqueIdentifier>
    </Filter>
    <Filter Include="Header Files\helper">
      <UniqueIdentifier>{76ed10ba-e14c-4508-a39a-0e0dc9f3b349}</UniqueIdentifier>
    </Filter>
    <Filter Include="Source Files\KS-problem">
      <UniqueIdentifier>{269a6671-4710-4132-a8a9-8f0defe5df2a}</UniqueIdentifier>
    </Filter>
    <Filter Include="Source Files\KS-problem\structures">
      <UniqueIdentifier>{8e5cfdbf-4818-4f6a-951e-63045cef7af3}</UniqueIdentifier>
    </Filter>
    <Filter Include="Source Files\KS-problem\algorithms">
      <UniqueIdentifier>{794465e1-80fa-4ed3-8539-b96e27fc73d1}</UniqueIdentifier>
    </Filter>
    <Filter Include="Header Files\KS-problem\algorithms\impl">
      <UniqueIdentifier>{37def26f-898d-4d7e-88b2-83e0a12884ba}</UniqueIdentifier>
    </Filter>
    <Filter Include="Source Files\helper">
      <UniqueIdentifier>{d4eda614-0b68-438a-b009-cef77f2db472}</UniqueIdentifier>
    </Filter>
    <Filter Include="Source Files\TS-problem">
      <UniqueIdentifier>{7e89d127-4759-4e1a-b5ed-06e604699560}</UniqueIdentifier>
    </Filter>
    <Filter Include="Source Files\TS-problem\algorithms">
      <UniqueIdentifier>{d3137543-b974-49d9-905a-c6447c659665}</UniqueIdentifier>
    </Filter>
    <Filter Include="Source Files\TS-problem\structures">
      <UniqueIdentifier>{d5e6054b-4ed5-44f4-802f-134d03afbd7b}</UniqueIdentifier>
    </Filter>
    <Filter Include="Header Files\TS-problem">
      <UniqueIdentifier>{4e104877-9c6a-4e11-881d-bac4ce4afad8}</UniqueIdentifier>
    </Filter>
    <Filter Include="Header Files\TS-problem\structures">
      <UniqueIdentifier>{ca6843fc-b3dc-4227-83db-e63c7e5e0c12}</UniqueIdentifier>
    </Filter>
    <Filter Include="Header Files\TS-problem\algorithms">
      <UniqueIdentifier>{6ba327b6-e6f9-4188-a9d1-4239851b0de3}</UniqueIdentifier>
    </Filter>
    <Filter Include="Header Files\TS-problem\algorithms\impl">
      <UniqueIdentifier>{56b49370-c855-429c-9a18-36dfb5d046b4}</UniqueIdentifier>
    </Filter>
    <Filter Include="Header Files\input">
      <UniqueIdentifier>{a35ddaad-c643-4c41-b942-a72095d9742a}</UniqueIdentifier>
    </Filter>
    <Filter Include="Source Files\input">
      <UniqueIdentifier>{d288410f-737d-4e64-99f9-edf5c10024eb}</UniqueIdentifier>
    </Filter>
    <Filter Include="Header Files\CLI">
      <UniqueIdentifier>{40ac6d5b-92f5-4bbd-b738-82a68221453e}</UniqueIdentifier>
    </Filter>
  </ItemGroup>
  <ItemGroup>
    <ClCompile Include="Source.cpp">
      <Filter>Source Files</Filter>
    </ClCompile>
    <ClCompile Include="KSItems.cpp">
      <Filter>Source Files\KS-problem\structures</Filter>
    </ClCompile>
    <ClCompile Include="KSKnapsack.cpp">
      <Filter>Source Files\KS-problem\structures</Filter>
    </ClCompile>
    <ClCompile Include="KSAlgorithm.cpp">
      <Filter>Source Files\KS-problem\algorithms</Filter>
    </ClCompile>
    <ClCompile Include="KSFullSearch.cpp">
      <Filter>Source Files\KS-problem\algorithms</Filter>
    </ClCompile>
    <ClCompile Include="KSDynamic.cpp">
      <Filter>Source Files\KS-problem\algorithms</Filter>
    </ClCompile>
    <ClCompile Include="KSItem.cpp">
      <Filter>Source Files\KS-problem\structures</Filter>
    </ClCompile>
    <ClCompile Include="KSGreedy.cpp">
      <Filter>Source Files\KS-problem\algorithms</Filter>
    </ClCompile>
    <ClCompile Include="KSItemHeapSort.cpp">
      <Filter>Source Files\KS-problem\structures</Filter>
    </ClCompile>
    <ClCompile Include="TSAlgorithm.cpp">
      <Filter>Source Files\TS-problem\algorithms</Filter>
    </ClCompile>
    <ClCompile Include="TSFullSearch.cpp">
      <Filter>Source Files\TS-problem\algorithms</Filter>
    </ClCompile>
    <ClCompile Include="AdjacencyMatrix.cpp">
      <Filter>Source Files\helper</Filter>
    </ClCompile>
    <ClCompile Include="TSGreedy.cpp">
      <Filter>Source Files\TS-problem\algorithms</Filter>
    </ClCompile>
    <ClCompile Include="TSPath.cpp">
      <Filter>Source Files\TS-problem\structures</Filter>
    </ClCompile>
    <ClCompile Include="TSLocalSearch3Opt.cpp">
      <Filter>Source Files\TS-problem\algorithms</Filter>
    </ClCompile>
    <ClCompile Include="KSFileReader.cpp">
      <Filter>Source Files\input</Filter>
    </ClCompile>
    <ClCompile Include="TSFileReader.cpp">
      <Filter>Source Files\input</Filter>
    </ClCompile>
    <ClCompile Include="CLInterface.cpp">
      <Filter>Source Files</Filter>
    </ClCompile>
    <ClCompile Include="RandomInstanceGenerator.cpp">
      <Filter>Source Files\input</Filter>
    </ClCompile>
  </ItemGroup>
  <ItemGroup>
    <ClInclude Include="KSItems.h">
      <Filter>Header Files\KS-problem\structures</Filter>
    </ClInclude>
    <ClInclude Include="KSKnapsack.h">
      <Filter>Header Files\KS-problem\structures</Filter>
    </ClInclude>
    <ClInclude Include="List.h">
      <Filter>Header Files\helper</Filter>
    </ClInclude>
    <ClInclude Include="ListNode.h">
      <Filter>Header Files\helper</Filter>
    </ClInclude>
    <ClInclude Include="KSAlgorithm.h">
      <Filter>Header Files\KS-problem\algorithms</Filter>
    </ClInclude>
    <ClInclude Include="KSFullSearch.h">
      <Filter>Header Files\KS-problem\algorithms\impl</Filter>
    </ClInclude>
    <ClInclude Include="KSDynamic.h">
      <Filter>Header Files\KS-problem\algorithms\impl</Filter>
    </ClInclude>
    <ClInclude Include="KSGreedy.h">
      <Filter>Header Files\KS-problem\algorithms\impl</Filter>
    </ClInclude>
    <ClInclude Include="KSItem.h">
      <Filter>Header Files\KS-problem\structures</Filter>
    </ClInclude>
    <ClInclude Include="KSGreedyDecision.h">
      <Filter>Header Files\KS-problem\algorithms\impl</Filter>
    </ClInclude>
    <ClInclude Include="KSItemHeapSort.h">
      <Filter>Header Files\KS-problem\structures</Filter>
    </ClInclude>
    <ClInclude Include="TSFullSearch.h">
      <Filter>Header Files\TS-problem\algorithms\impl</Filter>
    </ClInclude>
    <ClInclude Include="AdjacencyMatrix.h">
      <Filter>Header Files\helper</Filter>
    </ClInclude>
    <ClInclude Include="TSAlgorithm.h">
      <Filter>Header Files\TS-problem\algorithms</Filter>
    </ClInclude>
    <ClInclude Include="TSGreedy.h">
      <Filter>Header Files\TS-problem\algorithms\impl</Filter>
    </ClInclude>
    <ClInclude Include="TSLocalSearch3Opt.h">
      <Filter>Header Files\TS-problem\algorithms\impl</Filter>
    </ClInclude>
    <ClInclude Include="KSFileReader.h">
      <Filter>Header Files\input</Filter>
    </ClInclude>
    <ClInclude Include="TSFileReader.h">
      <Filter>Header Files\input</Filter>
    </ClInclude>
    <ClInclude Include="TSPath.h">
      <Filter>Header Files\TS-problem\structures</Filter>
    </ClInclude>
    <ClInclude Include="CLInterface.h">
      <Filter>Header Files\CLI</Filter>
    </ClInclude>
    <ClInclude Include="RandomInstanceGenerator.h">
      <Filter>Header Files\input</Filter>
    </ClInclude>
  </ItemGroup>
</Project>